
Microsoft Visual Studio Solution File, Format Version 12.00
# Visual Studio Version 17
VisualStudioVersion = 17.0.31903.59
MinimumVisualStudioVersion = 10.0.40219.1
Project("{2150E333-8FDC-42A3-9474-1A3956D46DE8}") = "src", "src", "{B5693587-7416-4237-952F-C47D3E1BA72D}"
EndProject
Project("{FAE04EC0-301F-11D3-BF4B-00C04F79EFBC}") = "AuctionService", "src\AuctionService\AuctionService.csproj", "{4105A12F-A49A-430B-A965-36BED93856A7}"
EndProject
Project("{FAE04EC0-301F-11D3-BF4B-00C04F79EFBC}") = "SearchService", "src\SearchService\SearchService.csproj", "{742385AD-933E-4301-A921-3797C4EB794B}"
EndProject
Project("{FAE04EC0-301F-11D3-BF4B-00C04F79EFBC}") = "Contracts", "src\Contracts\Contracts.csproj", "{DDB192B9-FE8B-46F9-B397-666D49FE2DE3}"
EndProject
Project("{FAE04EC0-301F-11D3-BF4B-00C04F79EFBC}") = "IdentityService", "src\IdentityService\IdentityService.csproj", "{53C89F66-3E5D-4EA9-8FE0-0C58EBFC72C0}"
EndProject
Project("{FAE04EC0-301F-11D3-BF4B-00C04F79EFBC}") = "GatewayService", "src\GatewayService\GatewayService.csproj", "{77288107-3DF0-4980-961D-15D4A8B4F694}"
EndProject
Project("{2150E333-8FDC-42A3-9474-1A3956D46DE8}") = "tests", "tests", "{CC9BCC1F-9D25-4DF5-B197-D393C1BF58C7}"
EndProject
Project("{FAE04EC0-301F-11D3-BF4B-00C04F79EFBC}") = "AuctionService.UnitTests", "tests\AuctionService.UnitTests\AuctionService.UnitTests.csproj", "{9F908E2E-B04E-49DA-8CC8-D6758FB2D052}"
EndProject
Project("{FAE04EC0-301F-11D3-BF4B-00C04F79EFBC}") = "AuctionsService.IntegrationTests", "tests\AuctionsService.IntegrationTests\AuctionsService.IntegrationTests.csproj", "{A20AE8B2-6D01-455E-B389-23E13C18D90F}"
EndProject
Project("{FAE04EC0-301F-11D3-BF4B-00C04F79EFBC}") = "SearchService.IntegrationTests", "tests\SearchService.IntegrationTests\SearchService.IntegrationTests.csproj", "{58C56448-4160-44AA-B2D2-42A43A44D3F0}"
EndProject
Project("{FAE04EC0-301F-11D3-BF4B-00C04F79EFBC}") = "BiddingService", "src\BiddingService\BiddingService.csproj", "{E8F172BD-475E-4923-B1B4-E7FE6196B166}"
EndProject
Global
	GlobalSection(SolutionConfigurationPlatforms) = preSolution
		Debug|Any CPU = Debug|Any CPU
		Release|Any CPU = Release|Any CPU
	EndGlobalSection
	GlobalSection(ProjectConfigurationPlatforms) = postSolution
		{4105A12F-A49A-430B-A965-36BED93856A7}.Debug|Any CPU.ActiveCfg = Debug|Any CPU
		{4105A12F-A49A-430B-A965-36BED93856A7}.Debug|Any CPU.Build.0 = Debug|Any CPU
		{4105A12F-A49A-430B-A965-36BED93856A7}.Release|Any CPU.ActiveCfg = Release|Any CPU
		{4105A12F-A49A-430B-A965-36BED93856A7}.Release|Any CPU.Build.0 = Release|Any CPU
		{742385AD-933E-4301-A921-3797C4EB794B}.Debug|Any CPU.ActiveCfg = Debug|Any CPU
		{742385AD-933E-4301-A921-3797C4EB794B}.Debug|Any CPU.Build.0 = Debug|Any CPU
		{742385AD-933E-4301-A921-3797C4EB794B}.Release|Any CPU.ActiveCfg = Release|Any CPU
		{742385AD-933E-4301-A921-3797C4EB794B}.Release|Any CPU.Build.0 = Release|Any CPU
		{DDB192B9-FE8B-46F9-B397-666D49FE2DE3}.Debug|Any CPU.ActiveCfg = Debug|Any CPU
		{DDB192B9-FE8B-46F9-B397-666D49FE2DE3}.Debug|Any CPU.Build.0 = Debug|Any CPU
		{DDB192B9-FE8B-46F9-B397-666D49FE2DE3}.Release|Any CPU.ActiveCfg = Release|Any CPU
		{DDB192B9-FE8B-46F9-B397-666D49FE2DE3}.Release|Any CPU.Build.0 = Release|Any CPU
		{53C89F66-3E5D-4EA9-8FE0-0C58EBFC72C0}.Debug|Any CPU.ActiveCfg = Debug|Any CPU
		{53C89F66-3E5D-4EA9-8FE0-0C58EBFC72C0}.Debug|Any CPU.Build.0 = Debug|Any CPU
		{53C89F66-3E5D-4EA9-8FE0-0C58EBFC72C0}.Release|Any CPU.ActiveCfg = Release|Any CPU
		{53C89F66-3E5D-4EA9-8FE0-0C58EBFC72C0}.Release|Any CPU.Build.0 = Release|Any CPU
		{77288107-3DF0-4980-961D-15D4A8B4F694}.Debug|Any CPU.ActiveCfg = Debug|Any CPU
		{77288107-3DF0-4980-961D-15D4A8B4F694}.Debug|Any CPU.Build.0 = Debug|Any CPU
		{77288107-3DF0-4980-961D-15D4A8B4F694}.Release|Any CPU.ActiveCfg = Release|Any CPU
		{77288107-3DF0-4980-961D-15D4A8B4F694}.Release|Any CPU.Build.0 = Release|Any CPU
		{9F908E2E-B04E-49DA-8CC8-D6758FB2D052}.Debug|Any CPU.ActiveCfg = Debug|Any CPU
		{9F908E2E-B04E-49DA-8CC8-D6758FB2D052}.Debug|Any CPU.Build.0 = Debug|Any CPU
		{9F908E2E-B04E-49DA-8CC8-D6758FB2D052}.Release|Any CPU.ActiveCfg = Release|Any CPU
		{9F908E2E-B04E-49DA-8CC8-D6758FB2D052}.Release|Any CPU.Build.0 = Release|Any CPU
		{A20AE8B2-6D01-455E-B389-23E13C18D90F}.Debug|Any CPU.ActiveCfg = Debug|Any CPU
		{A20AE8B2-6D01-455E-B389-23E13C18D90F}.Debug|Any CPU.Build.0 = Debug|Any CPU
		{A20AE8B2-6D01-455E-B389-23E13C18D90F}.Release|Any CPU.ActiveCfg = Release|Any CPU
		{A20AE8B2-6D01-455E-B389-23E13C18D90F}.Release|Any CPU.Build.0 = Release|Any CPU
		{58C56448-4160-44AA-B2D2-42A43A44D3F0}.Debug|Any CPU.ActiveCfg = Debug|Any CPU
		{58C56448-4160-44AA-B2D2-42A43A44D3F0}.Debug|Any CPU.Build.0 = Debug|Any CPU
		{58C56448-4160-44AA-B2D2-42A43A44D3F0}.Release|Any CPU.ActiveCfg = Release|Any CPU
		{58C56448-4160-44AA-B2D2-42A43A44D3F0}.Release|Any CPU.Build.0 = Release|Any CPU
		{E8F172BD-475E-4923-B1B4-E7FE6196B166}.Debug|Any CPU.ActiveCfg = Debug|Any CPU
		{E8F172BD-475E-4923-B1B4-E7FE6196B166}.Debug|Any CPU.Build.0 = Debug|Any CPU
		{E8F172BD-475E-4923-B1B4-E7FE6196B166}.Release|Any CPU.ActiveCfg = Release|Any CPU
		{E8F172BD-475E-4923-B1B4-E7FE6196B166}.Release|Any CPU.Build.0 = Release|Any CPU
	EndGlobalSection
	GlobalSection(SolutionProperties) = preSolution
		HideSolutionNode = FALSE
	EndGlobalSection
	GlobalSection(NestedProjects) = preSolution
		{4105A12F-A49A-430B-A965-36BED93856A7} = {B5693587-7416-4237-952F-C47D3E1BA72D}
		{742385AD-933E-4301-A921-3797C4EB794B} = {B5693587-7416-4237-952F-C47D3E1BA72D}
		{DDB192B9-FE8B-46F9-B397-666D49FE2DE3} = {B5693587-7416-4237-952F-C47D3E1BA72D}
		{53C89F66-3E5D-4EA9-8FE0-0C58EBFC72C0} = {B5693587-7416-4237-952F-C47D3E1BA72D}
		{77288107-3DF0-4980-961D-15D4A8B4F694} = {B5693587-7416-4237-952F-C47D3E1BA72D}
		{9F908E2E-B04E-49DA-8CC8-D6758FB2D052} = {CC9BCC1F-9D25-4DF5-B197-D393C1BF58C7}
		{A20AE8B2-6D01-455E-B389-23E13C18D90F} = {CC9BCC1F-9D25-4DF5-B197-D393C1BF58C7}
		{58C56448-4160-44AA-B2D2-42A43A44D3F0} = {CC9BCC1F-9D25-4DF5-B197-D393C1BF58C7}
		{E8F172BD-475E-4923-B1B4-E7FE6196B166} = {B5693587-7416-4237-952F-C47D3E1BA72D}
	EndGlobalSection
EndGlobal
